
Microsoft Visual Studio Solution File, Format Version 12.00
# Visual Studio 15
Project("{FAE04EC0-301F-11D3-BF4B-00C04F79EFBC}") = "DataStructures.LIB", "DataStructures_LIB\DataStructures.LIB.csproj", "{848925E8-4BFE-48CB-A2B9-104167C3A107}"
EndProject
Project("{FAE04EC0-301F-11D3-BF4B-00C04F79EFBC}") = "DataStructures.TESTS", "DataStructures.TESTS\DataStructures.TESTS.csproj", "{737B55B6-EB9B-484D-B03B-5F0ECDB2D187}"
EndProject
Global
	GlobalSection(SolutionConfigurationPlatforms) = preSolution
		Debug|Any CPU = Debug|Any CPU
		Release|Any CPU = Release|Any CPU
	EndGlobalSection
	GlobalSection(ProjectConfigurationPlatforms) = postSolution
		{848925E8-4BFE-48CB-A2B9-104167C3A107}.Debug|Any CPU.ActiveCfg = Debug|Any CPU
		{848925E8-4BFE-48CB-A2B9-104167C3A107}.Debug|Any CPU.Build.0 = Debug|Any CPU
		{848925E8-4BFE-48CB-A2B9-104167C3A107}.Release|Any CPU.ActiveCfg = Release|Any CPU
		{848925E8-4BFE-48CB-A2B9-104167C3A107}.Release|Any CPU.Build.0 = Release|Any CPU
		{737B55B6-EB9B-484D-B03B-5F0ECDB2D187}.Debug|Any CPU.ActiveCfg = Debug|Any CPU
		{737B55B6-EB9B-484D-B03B-5F0ECDB2D187}.Debug|Any CPU.Build.0 = Debug|Any CPU
		{737B55B6-EB9B-484D-B03B-5F0ECDB2D187}.Release|Any CPU.ActiveCfg = Release|Any CPU
		{737B55B6-EB9B-484D-B03B-5F0ECDB2D187}.Release|Any CPU.Build.0 = Release|Any CPU
	EndGlobalSection
EndGlobal
